// !$*UTF8*$!
{
	archiveVersion = 1;
	classes = {
	};
	objectVersion = 46;
	objects = {

/* Begin PBXFileReference section */
		20D94CAC8B27308C4DE09A77 /* CupDelegate.j */ = {isa = PBXFileReference; lastKnownFileType = sourcecode.c.objc; name = CupDelegate.j; path = /Users/aparajita/Development/Libs/cappuccino/Cup/CupDelegate.j; sourceTree = "<absolute>"; };
		3D134DC884D2D18CA608A4F7 /* AppController.h */ = {isa = PBXFileReference; lastKnownFileType = sourcecode.c.h; name = AppController.h; path = .XcodeSupport/AppController.h; sourceTree = SOURCE_ROOT; };
		3D2540938247CBCBAF8B09CE /* Frameworks∕Debug∕Cup∕Cup.h */ = {isa = PBXFileReference; lastKnownFileType = sourcecode.c.h; name = "Frameworks∕Debug∕Cup∕Cup.h"; path = ".XcodeSupport/Frameworks∕Debug∕Cup∕Cup.h"; sourceTree = SOURCE_ROOT; };
		5AA04ABAA5C7A3D163762C5C /* xcc_general_include.h */ = {isa = PBXFileReference; lastKnownFileType = sourcecode.c.h; name = xcc_general_include.h; path = .XcodeSupport/xcc_general_include.h; sourceTree = SOURCE_ROOT; };
		71DB4DFEB268D422DA274F64 /* Frameworks∕Debug∕Cup∕CupDelegate.m */ = {isa = PBXFileReference; lastKnownFileType = sourcecode.c.objc; name = "Frameworks∕Debug∕Cup∕CupDelegate.m"; path = ".XcodeSupport/Frameworks∕Debug∕Cup∕CupDelegate.m"; sourceTree = SOURCE_ROOT; };
		930C41548E453B53D8B6CB4E /* Frameworks∕Debug∕Cup∕CupByteCountTransformer.h */ = {isa = PBXFileReference; lastKnownFileType = sourcecode.c.h; name = "Frameworks∕Debug∕Cup∕CupByteCountTransformer.h"; path = ".XcodeSupport/Frameworks∕Debug∕Cup∕CupByteCountTransformer.h"; sourceTree = SOURCE_ROOT; };
		943140329187A15F4DA1F583 /* CupByteCountTransformer.j */ = {isa = PBXFileReference; lastKnownFileType = sourcecode.c.objc; name = CupByteCountTransformer.j; path = /Users/aparajita/Development/Libs/cappuccino/Cup/CupByteCountTransformer.j; sourceTree = "<absolute>"; };
		95964CE387BC7216B688847C /* AppController.j */ = {isa = PBXFileReference; lastKnownFileType = sourcecode.c.objc; name = AppController.j; path = AppController.j; sourceTree = SOURCE_ROOT; };
		B0CC4450BBC21208C05EA7CD /* Cup.j */ = {isa = PBXFileReference; lastKnownFileType = sourcecode.c.objc; name = Cup.j; path = /Users/aparajita/Development/Libs/cappuccino/Cup/Cup.j; sourceTree = "<absolute>"; };
		B9924FBEB80D45F427CF5527 /* AppController.m */ = {isa = PBXFileReference; lastKnownFileType = sourcecode.c.objc; name = AppController.m; path = .XcodeSupport/AppController.m; sourceTree = SOURCE_ROOT; };
		BCA84486B7180A5D03BAEFBB /* Cup Resources */ = {isa = PBXFileReference; lastKnownFileType = folder; name = "Cup Resources"; path = /Users/aparajita/Development/Libs/cappuccino/Cup/Resources; sourceTree = "<absolute>"; };
		BED5428DA58D8B1F81A184AB /* Frameworks∕Debug∕Cup∕Cup.m */ = {isa = PBXFileReference; lastKnownFileType = sourcecode.c.objc; name = "Frameworks∕Debug∕Cup∕Cup.m"; path = ".XcodeSupport/Frameworks∕Debug∕Cup∕Cup.m"; sourceTree = SOURCE_ROOT; };
		D4FF4B8BA76C607E4D968B1B /* Frameworks∕Debug∕Cup∕CupByteCountTransformer.m */ = {isa = PBXFileReference; lastKnownFileType = sourcecode.c.objc; name = "Frameworks∕Debug∕Cup∕CupByteCountTransformer.m"; path = ".XcodeSupport/Frameworks∕Debug∕Cup∕CupByteCountTransformer.m"; sourceTree = SOURCE_ROOT; };
		E164FE29172185F500263CE3 /* Resources */ = {isa = PBXFileReference; lastKnownFileType = folder; path = Resources; sourceTree = "<group>"; };
		E5724EEAB240B4905708DB1A /* Frameworks∕Debug∕Cup∕CupDelegate.h */ = {isa = PBXFileReference; lastKnownFileType = sourcecode.c.h; name = "Frameworks∕Debug∕Cup∕CupDelegate.h"; path = ".XcodeSupport/Frameworks∕Debug∕Cup∕CupDelegate.h"; sourceTree = SOURCE_ROOT; };
/* End PBXFileReference section */

/* Begin PBXGroup section */
		B18D42C5B9B67BCB620BD722 /* Frameworks */ = {
			isa = PBXGroup;
			children = (
				B0CC4450BBC21208C05EA7CD /* Cup.j */,
				943140329187A15F4DA1F583 /* CupByteCountTransformer.j */,
				20D94CAC8B27308C4DE09A77 /* CupDelegate.j */,
			);
			name = Frameworks;
			sourceTree = "<group>";
		};
		D18A495581C8BD49735857E1 /* Cappuccino Source */ = {
			isa = PBXGroup;
			children = (
				95964CE387BC7216B688847C /* AppController.j */,
				B18D42C5B9B67BCB620BD722 /* Frameworks */,
			);
			name = "Cappuccino Source";
			sourceTree = "<group>";
		};
		E164FE221721857400263CE3 /*  */ = {
			isa = PBXGroup;
			children = (
				E164FE29172185F500263CE3 /* Resources */,
				BCA84486B7180A5D03BAEFBB /* Cup Resources */,
				E78D4604B6DAD8ED8544F500 /* Cocoa Classes */,
				D18A495581C8BD49735857E1 /* Cappuccino Source */,
			);
			sourceTree = "<group>";
		};
		E78D4604B6DAD8ED8544F500 /* Cocoa Classes */ = {
			isa = PBXGroup;
			children = (
				3D134DC884D2D18CA608A4F7 /* AppController.h */,
				B9924FBEB80D45F427CF5527 /* AppController.m */,
				3D2540938247CBCBAF8B09CE /* Frameworks∕Debug∕Cup∕Cup.h */,
				BED5428DA58D8B1F81A184AB /* Frameworks∕Debug∕Cup∕Cup.m */,
				930C41548E453B53D8B6CB4E /* Frameworks∕Debug∕Cup∕CupByteCountTransformer.h */,
				D4FF4B8BA76C607E4D968B1B /* Frameworks∕Debug∕Cup∕CupByteCountTransformer.m */,
				E5724EEAB240B4905708DB1A /* Frameworks∕Debug∕Cup∕CupDelegate.h */,
				71DB4DFEB268D422DA274F64 /* Frameworks∕Debug∕Cup∕CupDelegate.m */,
				5AA04ABAA5C7A3D163762C5C /* xcc_general_include.h */,
			);
			name = "Cocoa Classes";
			sourceTree = "<group>";
		};
/* End PBXGroup section */

/* Begin PBXProject section */
		E164FE231721857400263CE3 /* Project Object */ = {
			isa = PBXProject;
			attributes = {
				LastUpgradeCheck = 0460;
			};
			buildConfigurationList = E164FE261721857400263CE3 /* Build configuration list for PBXProject "Unity-iPhone" */;
			compatibilityVersion = "Xcode 3.2";
			developmentRegion = English;
			hasScannedForEncodings = 0;
			knownRegions = (
				en,
			);
			mainGroup = E164FE221721857400263CE3 /*  */;
			projectDirPath = "";
			projectRoot = "";
			targets = (
			);
		};
/* End PBXProject section */

/* Begin XCBuildConfiguration section */
		E164FE271721857400263CE3 /* Debug */ = {
			isa = XCBuildConfiguration;
			buildSettings = {
			};
			name = Debug;
		};
		E164FE281721857400263CE3 /* Release */ = {
			isa = XCBuildConfiguration;
			buildSettings = {
			};
			name = Release;
		};
/* End XCBuildConfiguration section */

/* Begin XCConfigurationList section */
		E164FE261721857400263CE3 /* Build configuration list for PBXProject "Unity-iPhone" */ = {
			isa = XCConfigurationList;
			buildConfigurations = (
				E164FE271721857400263CE3 /* Debug */,
				E164FE281721857400263CE3 /* Release */,
			);
			defaultConfigurationIsVisible = 0;
			defaultConfigurationName = Release;
		};
/* End XCConfigurationList section */
	};
	rootObject = E164FE231721857400263CE3 /* Project Object */;
}